# This file is automatically @generated by Cargo.
# It is not intended for manual editing.
[[package]]
name = "autocfg"
version = "1.0.0"
source = "registry+https://github.com/rust-lang/crates.io-index"

[[package]]
name = "fixedbitset"
version = "0.2.0"
source = "registry+https://github.com/rust-lang/crates.io-index"

[[package]]
name = "indexmap"
version = "1.3.2"
source = "registry+https://github.com/rust-lang/crates.io-index"
dependencies = [
 "autocfg 1.0.0 (registry+https://github.com/rust-lang/crates.io-index)",
]

[[package]]
name = "ninja"
version = "0.1.0"
dependencies = [
 "ninja-build 0.1.0",
 "ninja-parse 0.1.0",
 "petgraph 0.5.0 (registry+https://github.com/rust-lang/crates.io-index)",
]

[[package]]
name = "ninja-build"
version = "0.1.0"
dependencies = [
 "ninja-desc 0.1.0",
]

[[package]]
name = "ninja-desc"
version = "0.1.0"
dependencies = [
 "ninja-interface 0.1.0",
 "ninja-paths 0.1.0",
 "petgraph 0.5.0 (registry+https://github.com/rust-lang/crates.io-index)",
]

[[package]]
name = "ninja-interface"
version = "0.1.0"

[[package]]
name = "ninja-parse"
version = "0.1.0"
dependencies = [
 "ninja-desc 0.1.0",
 "ninja-paths 0.1.0",
]

[[package]]
name = "ninja-paths"
version = "0.1.0"

[[package]]
name = "petgraph"
version = "0.5.0"
source = "registry+https://github.com/rust-lang/crates.io-index"
dependencies = [
 "fixedbitset 0.2.0 (registry+https://github.com/rust-lang/crates.io-index)",
 "indexmap 1.3.2 (registry+https://github.com/rust-lang/crates.io-index)",
]

[metadata]
"checksum autocfg 1.0.0 (registry+https://github.com/rust-lang/crates.io-index)" = "f8aac770f1885fd7e387acedd76065302551364496e46b3dd00860b2f8359b9d"
"checksum fixedbitset 0.2.0 (registry+https://github.com/rust-lang/crates.io-index)" = "37ab347416e802de484e4d03c7316c48f1ecb56574dfd4a46a80f173ce1de04d"
"checksum indexmap 1.3.2 (registry+https://github.com/rust-lang/crates.io-index)" = "076f042c5b7b98f31d205f1249267e12a6518c1481e9dae9764af19b707d2292"
"checksum petgraph 0.5.0 (registry+https://github.com/rust-lang/crates.io-index)" = "29c127eea4a29ec6c85d153c59dc1213f33ec74cead30fe4730aecc88cc1fd92"
